// !$*UTF8*$!
{
	archiveVersion = 1;
	classes = {
	};
	objectVersion = 52;
	objects = {

/* Begin PBXBuildFile section */
		F56B18DD25DC908600589FBB /* MealModel.swift in Sources */ = {isa = PBXBuildFile; fileRef = F56B18DC25DC908600589FBB /* MealModel.swift */; };
		F56B18EA25DC91B600589FBB /* MealViewController.swift in Sources */ = {isa = PBXBuildFile; fileRef = F56B18E925DC91B600589FBB /* MealViewController.swift */; };
		F56B18F625DC93DD00589FBB /* MealViewModel.swift in Sources */ = {isa = PBXBuildFile; fileRef = F56B18F525DC93DD00589FBB /* MealViewModel.swift */; };
		F56B18FF25DC9ABC00589FBB /* Constant.swift in Sources */ = {isa = PBXBuildFile; fileRef = F56B18FE25DC9ABC00589FBB /* Constant.swift */; };
		F56B190625DC9D3A00589FBB /* CodableExtension.swift in Sources */ = {isa = PBXBuildFile; fileRef = F56B190525DC9D3A00589FBB /* CodableExtension.swift */; };
		F5907F0925DC89F300794912 /* AppDelegate.swift in Sources */ = {isa = PBXBuildFile; fileRef = F5907F0825DC89F300794912 /* AppDelegate.swift */; };
		F5907F0B25DC89F300794912 /* SceneDelegate.swift in Sources */ = {isa = PBXBuildFile; fileRef = F5907F0A25DC89F300794912 /* SceneDelegate.swift */; };
		F5907F1025DC89F300794912 /* Main.storyboard in Resources */ = {isa = PBXBuildFile; fileRef = F5907F0E25DC89F300794912 /* Main.storyboard */; };
		F5907F1325DC89F300794912 /* UalaTest.xcdatamodeld in Sources */ = {isa = PBXBuildFile; fileRef = F5907F1125DC89F300794912 /* UalaTest.xcdatamodeld */; };
		F5907F1525DC89F900794912 /* Assets.xcassets in Resources */ = {isa = PBXBuildFile; fileRef = F5907F1425DC89F900794912 /* Assets.xcassets */; };
		F5907F1825DC89F900794912 /* LaunchScreen.storyboard in Resources */ = {isa = PBXBuildFile; fileRef = F5907F1625DC89F900794912 /* LaunchScreen.storyboard */; };
		F5907F2325DC89F900794912 /* UalaTestTests.swift in Sources */ = {isa = PBXBuildFile; fileRef = F5907F2225DC89F900794912 /* UalaTestTests.swift */; };
		F5907F2E25DC89F900794912 /* UalaTestUITests.swift in Sources */ = {isa = PBXBuildFile; fileRef = F5907F2D25DC89F900794912 /* UalaTestUITests.swift */; };
		F5D7810925DCA2F7002DF456 /* MealCellView.swift in Sources */ = {isa = PBXBuildFile; fileRef = F5D7810725DCA2F7002DF456 /* MealCellView.swift */; };
		F5D7810A25DCA2F7002DF456 /* MealCellView.xib in Resources */ = {isa = PBXBuildFile; fileRef = F5D7810825DCA2F7002DF456 /* MealCellView.xib */; };
		F5D7811525DCA6AC002DF456 /* SDWebImage in Frameworks */ = {isa = PBXBuildFile; productRef = F5D7811425DCA6AC002DF456 /* SDWebImage */; };
		F5D7811B25DCAFBC002DF456 /* MealDetailViewController.swift in Sources */ = {isa = PBXBuildFile; fileRef = F5D7811A25DCAFBC002DF456 /* MealDetailViewController.swift */; };
/* End PBXBuildFile section */

/* Begin PBXContainerItemProxy section */
		F5907F1F25DC89F900794912 /* PBXContainerItemProxy */ = {
			isa = PBXContainerItemProxy;
			containerPortal = F5907EFD25DC89F300794912 /* Project object */;
			proxyType = 1;
			remoteGlobalIDString = F5907F0425DC89F300794912;
			remoteInfo = UalaTest;
		};
		F5907F2A25DC89F900794912 /* PBXContainerItemProxy */ = {
			isa = PBXContainerItemProxy;
			containerPortal = F5907EFD25DC89F300794912 /* Project object */;
			proxyType = 1;
			remoteGlobalIDString = F5907F0425DC89F300794912;
			remoteInfo = UalaTest;
		};
/* End PBXContainerItemProxy section */

/* Begin PBXFileReference section */
		F56B18DC25DC908600589FBB /* MealModel.swift */ = {isa = PBXFileReference; lastKnownFileType = sourcecode.swift; path = MealModel.swift; sourceTree = "<group>"; };
		F56B18E925DC91B600589FBB /* MealViewController.swift */ = {isa = PBXFileReference; lastKnownFileType = sourcecode.swift; path = MealViewController.swift; sourceTree = "<group>"; };
		F56B18F525DC93DD00589FBB /* MealViewModel.swift */ = {isa = PBXFileReference; lastKnownFileType = sourcecode.swift; path = MealViewModel.swift; sourceTree = "<group>"; };
		F56B18FE25DC9ABC00589FBB /* Constant.swift */ = {isa = PBXFileReference; lastKnownFileType = sourcecode.swift; path = Constant.swift; sourceTree = "<group>"; };
		F56B190525DC9D3A00589FBB /* CodableExtension.swift */ = {isa = PBXFileReference; lastKnownFileType = sourcecode.swift; path = CodableExtension.swift; sourceTree = "<group>"; };
		F5907F0525DC89F300794912 /* UalaTest.app */ = {isa = PBXFileReference; explicitFileType = wrapper.application; includeInIndex = 0; path = UalaTest.app; sourceTree = BUILT_PRODUCTS_DIR; };
		F5907F0825DC89F300794912 /* AppDelegate.swift */ = {isa = PBXFileReference; lastKnownFileType = sourcecode.swift; path = AppDelegate.swift; sourceTree = "<group>"; };
		F5907F0A25DC89F300794912 /* SceneDelegate.swift */ = {isa = PBXFileReference; lastKnownFileType = sourcecode.swift; path = SceneDelegate.swift; sourceTree = "<group>"; };
		F5907F0F25DC89F300794912 /* Base */ = {isa = PBXFileReference; lastKnownFileType = file.storyboard; name = Base; path = Base.lproj/Main.storyboard; sourceTree = "<group>"; };
		F5907F1225DC89F300794912 /* UalaTest.xcdatamodel */ = {isa = PBXFileReference; lastKnownFileType = wrapper.xcdatamodel; path = UalaTest.xcdatamodel; sourceTree = "<group>"; };
		F5907F1425DC89F900794912 /* Assets.xcassets */ = {isa = PBXFileReference; lastKnownFileType = folder.assetcatalog; path = Assets.xcassets; sourceTree = "<group>"; };
		F5907F1725DC89F900794912 /* Base */ = {isa = PBXFileReference; lastKnownFileType = file.storyboard; name = Base; path = Base.lproj/LaunchScreen.storyboard; sourceTree = "<group>"; };
		F5907F1925DC89F900794912 /* Info.plist */ = {isa = PBXFileReference; lastKnownFileType = text.plist.xml; path = Info.plist; sourceTree = "<group>"; };
		F5907F1E25DC89F900794912 /* UalaTestTests.xctest */ = {isa = PBXFileReference; explicitFileType = wrapper.cfbundle; includeInIndex = 0; path = UalaTestTests.xctest; sourceTree = BUILT_PRODUCTS_DIR; };
		F5907F2225DC89F900794912 /* UalaTestTests.swift */ = {isa = PBXFileReference; lastKnownFileType = sourcecode.swift; path = UalaTestTests.swift; sourceTree = "<group>"; };
		F5907F2425DC89F900794912 /* Info.plist */ = {isa = PBXFileReference; lastKnownFileType = text.plist.xml; path = Info.plist; sourceTree = "<group>"; };
		F5907F2925DC89F900794912 /* UalaTestUITests.xctest */ = {isa = PBXFileReference; explicitFileType = wrapper.cfbundle; includeInIndex = 0; path = UalaTestUITests.xctest; sourceTree = BUILT_PRODUCTS_DIR; };
		F5907F2D25DC89F900794912 /* UalaTestUITests.swift */ = {isa = PBXFileReference; lastKnownFileType = sourcecode.swift; path = UalaTestUITests.swift; sourceTree = "<group>"; };
		F5907F2F25DC89F900794912 /* Info.plist */ = {isa = PBXFileReference; lastKnownFileType = text.plist.xml; path = Info.plist; sourceTree = "<group>"; };
		F5D7810725DCA2F7002DF456 /* MealCellView.swift */ = {isa = PBXFileReference; lastKnownFileType = sourcecode.swift; path = MealCellView.swift; sourceTree = "<group>"; };
		F5D7810825DCA2F7002DF456 /* MealCellView.xib */ = {isa = PBXFileReference; lastKnownFileType = file.xib; path = MealCellView.xib; sourceTree = "<group>"; };
		F5D7811A25DCAFBC002DF456 /* MealDetailViewController.swift */ = {isa = PBXFileReference; lastKnownFileType = sourcecode.swift; path = MealDetailViewController.swift; sourceTree = "<group>"; };
/* End PBXFileReference section */

/* Begin PBXFrameworksBuildPhase section */
		F5907F0225DC89F300794912 /* Frameworks */ = {
			isa = PBXFrameworksBuildPhase;
			buildActionMask = 2147483647;
			files = (
				F5D7811525DCA6AC002DF456 /* SDWebImage in Frameworks */,
			);
			runOnlyForDeploymentPostprocessing = 0;
		};
		F5907F1B25DC89F900794912 /* Frameworks */ = {
			isa = PBXFrameworksBuildPhase;
			buildActionMask = 2147483647;
			files = (
			);
			runOnlyForDeploymentPostprocessing = 0;
		};
		F5907F2625DC89F900794912 /* Frameworks */ = {
			isa = PBXFrameworksBuildPhase;
			buildActionMask = 2147483647;
			files = (
			);
			runOnlyForDeploymentPostprocessing = 0;
		};
/* End PBXFrameworksBuildPhase section */

/* Begin PBXGroup section */
		F56B18C825DC8F3D00589FBB /* View */ = {
			isa = PBXGroup;
			children = (
				F5D7810E25DCA303002DF456 /* Cell */,
				F5907F0E25DC89F300794912 /* Main.storyboard */,
			);
			path = View;
			sourceTree = "<group>";
		};
		F56B18C925DC8F5B00589FBB /* Controller */ = {
			isa = PBXGroup;
			children = (
				F56B18E825DC91A800589FBB /* Meal */,
				F5D7811925DCAF96002DF456 /* Detail */,
			);
			path = Controller;
			sourceTree = "<group>";
		};
		F56B18CA25DC8F6A00589FBB /* Supporting files */ = {
			isa = PBXGroup;
			children = (
				F5907F1425DC89F900794912 /* Assets.xcassets */,
				F5907F1625DC89F900794912 /* LaunchScreen.storyboard */,
				F5907F1925DC89F900794912 /* Info.plist */,
			);
			path = "Supporting files";
			sourceTree = "<group>";
		};
		F56B18D925DC906500589FBB /* ViewModel */ = {
			isa = PBXGroup;
			children = (
				F56B18E425DC919700589FBB /* Meal */,
			);
			path = ViewModel;
			sourceTree = "<group>";
		};
		F56B18DA25DC906E00589FBB /* Model */ = {
			isa = PBXGroup;
			children = (
				F56B18DB25DC907300589FBB /* Meal */,
			);
			path = Model;
			sourceTree = "<group>";
		};
		F56B18DB25DC907300589FBB /* Meal */ = {
			isa = PBXGroup;
			children = (
				F56B18DC25DC908600589FBB /* MealModel.swift */,
			);
			path = Meal;
			sourceTree = "<group>";
		};
		F56B18E425DC919700589FBB /* Meal */ = {
			isa = PBXGroup;
			children = (
				F56B18F525DC93DD00589FBB /* MealViewModel.swift */,
			);
			path = Meal;
			sourceTree = "<group>";
		};
		F56B18E825DC91A800589FBB /* Meal */ = {
			isa = PBXGroup;
			children = (
				F5D7810625DCA2BC002DF456 /* Cell */,
				F56B18E925DC91B600589FBB /* MealViewController.swift */,
			);
			path = Meal;
			sourceTree = "<group>";
		};
		F56B18FD25DC9AAC00589FBB /* Costant */ = {
			isa = PBXGroup;
			children = (
				F56B18FE25DC9ABC00589FBB /* Constant.swift */,
			);
			path = Costant;
			sourceTree = "<group>";
		};
		F56B190325DC9D1C00589FBB /* Utility */ = {
			isa = PBXGroup;
			children = (
				F56B190425DC9D2800589FBB /* Codable */,
			);
			path = Utility;
			sourceTree = "<group>";
		};
		F56B190425DC9D2800589FBB /* Codable */ = {
			isa = PBXGroup;
			children = (
				F56B190525DC9D3A00589FBB /* CodableExtension.swift */,
			);
			path = Codable;
			sourceTree = "<group>";
		};
		F5907EFC25DC89F200794912 = {
			isa = PBXGroup;
			children = (
				F5907F0725DC89F300794912 /* UalaTest */,
				F5907F2125DC89F900794912 /* UalaTestTests */,
				F5907F2C25DC89F900794912 /* UalaTestUITests */,
				F5907F0625DC89F300794912 /* Products */,
			);
			sourceTree = "<group>";
		};
		F5907F0625DC89F300794912 /* Products */ = {
			isa = PBXGroup;
			children = (
				F5907F0525DC89F300794912 /* UalaTest.app */,
				F5907F1E25DC89F900794912 /* UalaTestTests.xctest */,
				F5907F2925DC89F900794912 /* UalaTestUITests.xctest */,
			);
			name = Products;
			sourceTree = "<group>";
		};
		F5907F0725DC89F300794912 /* UalaTest */ = {
			isa = PBXGroup;
			children = (
				F56B190325DC9D1C00589FBB /* Utility */,
				F56B18FD25DC9AAC00589FBB /* Costant */,
				F56B18DA25DC906E00589FBB /* Model */,
				F56B18D925DC906500589FBB /* ViewModel */,
				F56B18C925DC8F5B00589FBB /* Controller */,
				F56B18C825DC8F3D00589FBB /* View */,
				F56B18CA25DC8F6A00589FBB /* Supporting files */,
				F5907F0825DC89F300794912 /* AppDelegate.swift */,
				F5907F0A25DC89F300794912 /* SceneDelegate.swift */,
				F5907F1125DC89F300794912 /* UalaTest.xcdatamodeld */,
			);
			path = UalaTest;
			sourceTree = "<group>";
		};
		F5907F2125DC89F900794912 /* UalaTestTests */ = {
			isa = PBXGroup;
			children = (
				F5907F2225DC89F900794912 /* UalaTestTests.swift */,
				F5907F2425DC89F900794912 /* Info.plist */,
			);
			path = UalaTestTests;
			sourceTree = "<group>";
		};
		F5907F2C25DC89F900794912 /* UalaTestUITests */ = {
			isa = PBXGroup;
			children = (
				F5907F2D25DC89F900794912 /* UalaTestUITests.swift */,
				F5907F2F25DC89F900794912 /* Info.plist */,
			);
			path = UalaTestUITests;
			sourceTree = "<group>";
		};
		F5D7810625DCA2BC002DF456 /* Cell */ = {
			isa = PBXGroup;
			children = (
				F5D7810725DCA2F7002DF456 /* MealCellView.swift */,
			);
			path = Cell;
			sourceTree = "<group>";
		};
		F5D7810E25DCA303002DF456 /* Cell */ = {
			isa = PBXGroup;
			children = (
				F5D7810F25DCA308002DF456 /* Meal */,
			);
			path = Cell;
			sourceTree = "<group>";
		};
		F5D7810F25DCA308002DF456 /* Meal */ = {
			isa = PBXGroup;
			children = (
				F5D7810825DCA2F7002DF456 /* MealCellView.xib */,
			);
			path = Meal;
			sourceTree = "<group>";
		};
		F5D7811925DCAF96002DF456 /* Detail */ = {
			isa = PBXGroup;
			children = (
				F5D7811A25DCAFBC002DF456 /* MealDetailViewController.swift */,
			);
			path = Detail;
			sourceTree = "<group>";
		};
/* End PBXGroup section */

/* Begin PBXNativeTarget section */
		F5907F0425DC89F300794912 /* UalaTest */ = {
			isa = PBXNativeTarget;
			buildConfigurationList = F5907F3225DC89F900794912 /* Build configuration list for PBXNativeTarget "UalaTest" */;
			buildPhases = (
				F5907F0125DC89F300794912 /* Sources */,
				F5907F0225DC89F300794912 /* Frameworks */,
				F5907F0325DC89F300794912 /* Resources */,
			);
			buildRules = (
			);
			dependencies = (
			);
			name = UalaTest;
			packageProductDependencies = (
				F5D7811425DCA6AC002DF456 /* SDWebImage */,
			);
			productName = UalaTest;
			productReference = F5907F0525DC89F300794912 /* UalaTest.app */;
			productType = "com.apple.product-type.application";
		};
		F5907F1D25DC89F900794912 /* UalaTestTests */ = {
			isa = PBXNativeTarget;
			buildConfigurationList = F5907F3525DC89F900794912 /* Build configuration list for PBXNativeTarget "UalaTestTests" */;
			buildPhases = (
				F5907F1A25DC89F900794912 /* Sources */,
				F5907F1B25DC89F900794912 /* Frameworks */,
				F5907F1C25DC89F900794912 /* Resources */,
			);
			buildRules = (
			);
			dependencies = (
				F5907F2025DC89F900794912 /* PBXTargetDependency */,
			);
			name = UalaTestTests;
			productName = UalaTestTests;
			productReference = F5907F1E25DC89F900794912 /* UalaTestTests.xctest */;
			productType = "com.apple.product-type.bundle.unit-test";
		};
		F5907F2825DC89F900794912 /* UalaTestUITests */ = {
			isa = PBXNativeTarget;
			buildConfigurationList = F5907F3825DC89F900794912 /* Build configuration list for PBXNativeTarget "UalaTestUITests" */;
			buildPhases = (
				F5907F2525DC89F900794912 /* Sources */,
				F5907F2625DC89F900794912 /* Frameworks */,
				F5907F2725DC89F900794912 /* Resources */,
			);
			buildRules = (
			);
			dependencies = (
				F5907F2B25DC89F900794912 /* PBXTargetDependency */,
			);
			name = UalaTestUITests;
			productName = UalaTestUITests;
			productReference = F5907F2925DC89F900794912 /* UalaTestUITests.xctest */;
			productType = "com.apple.product-type.bundle.ui-testing";
		};
/* End PBXNativeTarget section */

/* Begin PBXProject section */
		F5907EFD25DC89F300794912 /* Project object */ = {
			isa = PBXProject;
			attributes = {
				LastSwiftUpdateCheck = 1230;
				LastUpgradeCheck = 1230;
				TargetAttributes = {
					F5907F0425DC89F300794912 = {
						CreatedOnToolsVersion = 12.3;
					};
					F5907F1D25DC89F900794912 = {
						CreatedOnToolsVersion = 12.3;
						TestTargetID = F5907F0425DC89F300794912;
					};
					F5907F2825DC89F900794912 = {
						CreatedOnToolsVersion = 12.3;
						TestTargetID = F5907F0425DC89F300794912;
					};
				};
			};
			buildConfigurationList = F5907F0025DC89F300794912 /* Build configuration list for PBXProject "UalaTest" */;
			compatibilityVersion = "Xcode 9.3";
			developmentRegion = en;
			hasScannedForEncodings = 0;
			knownRegions = (
				en,
				Base,
			);
			mainGroup = F5907EFC25DC89F200794912;
			packageReferences = (
				F5D7811325DCA6AC002DF456 /* XCRemoteSwiftPackageReference "SDWebImage" */,
			);
			productRefGroup = F5907F0625DC89F300794912 /* Products */;
			projectDirPath = "";
			projectRoot = "";
			targets = (
				F5907F0425DC89F300794912 /* UalaTest */,
				F5907F1D25DC89F900794912 /* UalaTestTests */,
				F5907F2825DC89F900794912 /* UalaTestUITests */,
			);
		};
/* End PBXProject section */

/* Begin PBXResourcesBuildPhase section */
		F5907F0325DC89F300794912 /* Resources */ = {
			isa = PBXResourcesBuildPhase;
			buildActionMask = 2147483647;
			files = (
				F5907F1825DC89F900794912 /* LaunchScreen.storyboard in Resources */,
				F5907F1525DC89F900794912 /* Assets.xcassets in Resources */,
				F5907F1025DC89F300794912 /* Main.storyboard in Resources */,
				F5D7810A25DCA2F7002DF456 /* MealCellView.xib in Resources */,
			);
			runOnlyForDeploymentPostprocessing = 0;
		};
		F5907F1C25DC89F900794912 /* Resources */ = {
			isa = PBXResourcesBuildPhase;
			buildActionMask = 2147483647;
			files = (
			);
			runOnlyForDeploymentPostprocessing = 0;
		};
		F5907F2725DC89F900794912 /* Resources */ = {
			isa = PBXResourcesBuildPhase;
			buildActionMask = 2147483647;
			files = (
			);
			runOnlyForDeploymentPostprocessing = 0;
		};
/* End PBXResourcesBuildPhase section */

/* Begin PBXSourcesBuildPhase section */
		F5907F0125DC89F300794912 /* Sources */ = {
			isa = PBXSourcesBuildPhase;
			buildActionMask = 2147483647;
			files = (
				F56B18FF25DC9ABC00589FBB /* Constant.swift in Sources */,
				F56B18DD25DC908600589FBB /* MealModel.swift in Sources */,
				F56B190625DC9D3A00589FBB /* CodableExtension.swift in Sources */,
				F56B18EA25DC91B600589FBB /* MealViewController.swift in Sources */,
				F5907F1325DC89F300794912 /* UalaTest.xcdatamodeld in Sources */,
				F5D7810925DCA2F7002DF456 /* MealCellView.swift in Sources */,
				F5907F0925DC89F300794912 /* AppDelegate.swift in Sources */,
				F5907F0B25DC89F300794912 /* SceneDelegate.swift in Sources */,
				F5D7811B25DCAFBC002DF456 /* MealDetailViewController.swift in Sources */,
				F56B18F625DC93DD00589FBB /* MealViewModel.swift in Sources */,
			);
			runOnlyForDeploymentPostprocessing = 0;
		};
		F5907F1A25DC89F900794912 /* Sources */ = {
			isa = PBXSourcesBuildPhase;
			buildActionMask = 2147483647;
			files = (
				F5907F2325DC89F900794912 /* UalaTestTests.swift in Sources */,
			);
			runOnlyForDeploymentPostprocessing = 0;
		};
		F5907F2525DC89F900794912 /* Sources */ = {
			isa = PBXSourcesBuildPhase;
			buildActionMask = 2147483647;
			files = (
				F5907F2E25DC89F900794912 /* UalaTestUITests.swift in Sources */,
			);
			runOnlyForDeploymentPostprocessing = 0;
		};
/* End PBXSourcesBuildPhase section */

/* Begin PBXTargetDependency section */
		F5907F2025DC89F900794912 /* PBXTargetDependency */ = {
			isa = PBXTargetDependency;
			target = F5907F0425DC89F300794912 /* UalaTest */;
			targetProxy = F5907F1F25DC89F900794912 /* PBXContainerItemProxy */;
		};
		F5907F2B25DC89F900794912 /* PBXTargetDependency */ = {
			isa = PBXTargetDependency;
			target = F5907F0425DC89F300794912 /* UalaTest */;
			targetProxy = F5907F2A25DC89F900794912 /* PBXContainerItemProxy */;
		};
/* End PBXTargetDependency section */

/* Begin PBXVariantGroup section */
		F5907F0E25DC89F300794912 /* Main.storyboard */ = {
			isa = PBXVariantGroup;
			children = (
				F5907F0F25DC89F300794912 /* Base */,
			);
			name = Main.storyboard;
			sourceTree = "<group>";
		};
		F5907F1625DC89F900794912 /* LaunchScreen.storyboard */ = {
			isa = PBXVariantGroup;
			children = (
				F5907F1725DC89F900794912 /* Base */,
			);
			name = LaunchScreen.storyboard;
			sourceTree = "<group>";
		};
/* End PBXVariantGroup section */

/* Begin XCBuildConfiguration section */
		F5907F3025DC89F900794912 /* Debug */ = {
			isa = XCBuildConfiguration;
			buildSettings = {
				ALWAYS_SEARCH_USER_PATHS = NO;
				CLANG_ANALYZER_NONNULL = YES;
				CLANG_ANALYZER_NUMBER_OBJECT_CONVERSION = YES_AGGRESSIVE;
				CLANG_CXX_LANGUAGE_STANDARD = "gnu++14";
				CLANG_CXX_LIBRARY = "libc++";
				CLANG_ENABLE_MODULES = YES;
				CLANG_ENABLE_OBJC_ARC = YES;
				CLANG_ENABLE_OBJC_WEAK = YES;
				CLANG_WARN_BLOCK_CAPTURE_AUTORELEASING = YES;
				CLANG_WARN_BOOL_CONVERSION = YES;
				CLANG_WARN_COMMA = YES;
				CLANG_WARN_CONSTANT_CONVERSION = YES;
				CLANG_WARN_DEPRECATED_OBJC_IMPLEMENTATIONS = YES;
				CLANG_WARN_DIRECT_OBJC_ISA_USAGE = YES_ERROR;
				CLANG_WARN_DOCUMENTATION_COMMENTS = YES;
				CLANG_WARN_EMPTY_BODY = YES;
				CLANG_WARN_ENUM_CONVERSION = YES;
				CLANG_WARN_INFINITE_RECURSION = YES;
				CLANG_WARN_INT_CONVERSION = YES;
				CLANG_WARN_NON_LITERAL_NULL_CONVERSION = YES;
				CLANG_WARN_OBJC_IMPLICIT_RETAIN_SELF = YES;
				CLANG_WARN_OBJC_LITERAL_CONVERSION = YES;
				CLANG_WARN_OBJC_ROOT_CLASS = YES_ERROR;
				CLANG_WARN_QUOTED_INCLUDE_IN_FRAMEWORK_HEADER = YES;
				CLANG_WARN_RANGE_LOOP_ANALYSIS = YES;
				CLANG_WARN_STRICT_PROTOTYPES = YES;
				CLANG_WARN_SUSPICIOUS_MOVE = YES;
				CLANG_WARN_UNGUARDED_AVAILABILITY = YES_AGGRESSIVE;
				CLANG_WARN_UNREACHABLE_CODE = YES;
				CLANG_WARN__DUPLICATE_METHOD_MATCH = YES;
				COPY_PHASE_STRIP = NO;
				DEBUG_INFORMATION_FORMAT = dwarf;
				ENABLE_STRICT_OBJC_MSGSEND = YES;
				ENABLE_TESTABILITY = YES;
				GCC_C_LANGUAGE_STANDARD = gnu11;
				GCC_DYNAMIC_NO_PIC = NO;
				GCC_NO_COMMON_BLOCKS = YES;
				GCC_OPTIMIZATION_LEVEL = 0;
				GCC_PREPROCESSOR_DEFINITIONS = (
					"DEBUG=1",
					"$(inherited)",
				);
				GCC_WARN_64_TO_32_BIT_CONVERSION = YES;
				GCC_WARN_ABOUT_RETURN_TYPE = YES_ERROR;
				GCC_WARN_UNDECLARED_SELECTOR = YES;
				GCC_WARN_UNINITIALIZED_AUTOS = YES_AGGRESSIVE;
				GCC_WARN_UNUSED_FUNCTION = YES;
				GCC_WARN_UNUSED_VARIABLE = YES;
				INFOPLIST_FILE = "UalaTest/Supporting files/Info.plist";
				IPHONEOS_DEPLOYMENT_TARGET = 14.3;
				MTL_ENABLE_DEBUG_INFO = INCLUDE_SOURCE;
				MTL_FAST_MATH = YES;
				ONLY_ACTIVE_ARCH = YES;
				SDKROOT = iphoneos;
				SWIFT_ACTIVE_COMPILATION_CONDITIONS = DEBUG;
				SWIFT_OPTIMIZATION_LEVEL = "-Onone";
			};
			name = Debug;
		};
		F5907F3125DC89F900794912 /* Release */ = {
			isa = XCBuildConfiguration;
			buildSettings = {
				ALWAYS_SEARCH_USER_PATHS = NO;
				CLANG_ANALYZER_NONNULL = YES;
				CLANG_ANALYZER_NUMBER_OBJECT_CONVERSION = YES_AGGRESSIVE;
				CLANG_CXX_LANGUAGE_STANDARD = "gnu++14";
				CLANG_CXX_LIBRARY = "libc++";
				CLANG_ENABLE_MODULES = YES;
				CLANG_ENABLE_OBJC_ARC = YES;
				CLANG_ENABLE_OBJC_WEAK = YES;
				CLANG_WARN_BLOCK_CAPTURE_AUTORELEASING = YES;
				CLANG_WARN_BOOL_CONVERSION = YES;
				CLANG_WARN_COMMA = YES;
				CLANG_WARN_CONSTANT_CONVERSION = YES;
				CLANG_WARN_DEPRECATED_OBJC_IMPLEMENTATIONS = YES;
				CLANG_WARN_DIRECT_OBJC_ISA_USAGE = YES_ERROR;
				CLANG_WARN_DOCUMENTATION_COMMENTS = YES;
				CLANG_WARN_EMPTY_BODY = YES;
				CLANG_WARN_ENUM_CONVERSION = YES;
				CLANG_WARN_INFINITE_RECURSION = YES;
				CLANG_WARN_INT_CONVERSION = YES;
				CLANG_WARN_NON_LITERAL_NULL_CONVERSION = YES;
				CLANG_WARN_OBJC_IMPLICIT_RETAIN_SELF = YES;
				CLANG_WARN_OBJC_LITERAL_CONVERSION = YES;
				CLANG_WARN_OBJC_ROOT_CLASS = YES_ERROR;
				CLANG_WARN_QUOTED_INCLUDE_IN_FRAMEWORK_HEADER = YES;
				CLANG_WARN_RANGE_LOOP_ANALYSIS = YES;
				CLANG_WARN_STRICT_PROTOTYPES = YES;
				CLANG_WARN_SUSPICIOUS_MOVE = YES;
				CLANG_WARN_UNGUARDED_AVAILABILITY = YES_AGGRESSIVE;
				CLANG_WARN_UNREACHABLE_CODE = YES;
				CLANG_WARN__DUPLICATE_METHOD_MATCH = YES;
				COPY_PHASE_STRIP = NO;
				DEBUG_INFORMATION_FORMAT = "dwarf-with-dsym";
				ENABLE_NS_ASSERTIONS = NO;
				ENABLE_STRICT_OBJC_MSGSEND = YES;
				GCC_C_LANGUAGE_STANDARD = gnu11;
				GCC_NO_COMMON_BLOCKS = YES;
				GCC_WARN_64_TO_32_BIT_CONVERSION = YES;
				GCC_WARN_ABOUT_RETURN_TYPE = YES_ERROR;
				GCC_WARN_UNDECLARED_SELECTOR = YES;
				GCC_WARN_UNINITIALIZED_AUTOS = YES_AGGRESSIVE;
				GCC_WARN_UNUSED_FUNCTION = YES;
				GCC_WARN_UNUSED_VARIABLE = YES;
				INFOPLIST_FILE = "UalaTest/Supporting files/Info.plist";
				IPHONEOS_DEPLOYMENT_TARGET = 14.3;
				MTL_ENABLE_DEBUG_INFO = NO;
				MTL_FAST_MATH = YES;
				SDKROOT = iphoneos;
				SWIFT_COMPILATION_MODE = wholemodule;
				SWIFT_OPTIMIZATION_LEVEL = "-O";
				VALIDATE_PRODUCT = YES;
			};
			name = Release;
		};
		F5907F3325DC89F900794912 /* Debug */ = {
			isa = XCBuildConfiguration;
			buildSettings = {
				ASSETCATALOG_COMPILER_APPICON_NAME = AppIcon;
				ASSETCATALOG_COMPILER_GLOBAL_ACCENT_COLOR_NAME = AccentColor;
				CODE_SIGN_STYLE = Automatic;
				DEVELOPMENT_TEAM = 283ED3996U;
				LD_RUNPATH_SEARCH_PATHS = (
					"$(inherited)",
					"@executable_path/Frameworks",
				);
				PRODUCT_BUNDLE_IDENTIFIER = com.uala.UalaTest;
				PRODUCT_NAME = "$(TARGET_NAME)";
				SWIFT_VERSION = 5.0;
				TARGETED_DEVICE_FAMILY = "1,2";
			};
			name = Debug;
		};
		F5907F3425DC89F900794912 /* Release */ = {
			isa = XCBuildConfiguration;
			buildSettings = {
				ASSETCATALOG_COMPILER_APPICON_NAME = AppIcon;
				ASSETCATALOG_COMPILER_GLOBAL_ACCENT_COLOR_NAME = AccentColor;
				CODE_SIGN_STYLE = Automatic;
				DEVELOPMENT_TEAM = 283ED3996U;
				LD_RUNPATH_SEARCH_PATHS = (
					"$(inherited)",
					"@executable_path/Frameworks",
				);
				PRODUCT_BUNDLE_IDENTIFIER = com.uala.UalaTest;
				PRODUCT_NAME = "$(TARGET_NAME)";
				SWIFT_VERSION = 5.0;
				TARGETED_DEVICE_FAMILY = "1,2";
			};
			name = Release;
		};
		F5907F3625DC89F900794912 /* Debug */ = {
			isa = XCBuildConfiguration;
			buildSettings = {
				ALWAYS_EMBED_SWIFT_STANDARD_LIBRARIES = YES;
				BUNDLE_LOADER = "$(TEST_HOST)";
				CODE_SIGN_STYLE = Automatic;
				DEVELOPMENT_TEAM = 283ED3996U;
				INFOPLIST_FILE = UalaTestTests/Info.plist;
				IPHONEOS_DEPLOYMENT_TARGET = 14.3;
				LD_RUNPATH_SEARCH_PATHS = (
					"$(inherited)",
					"@executable_path/Frameworks",
					"@loader_path/Frameworks",
				);
				PRODUCT_BUNDLE_IDENTIFIER = com.uala.UalaTestTests;
				PRODUCT_NAME = "$(TARGET_NAME)";
				SWIFT_VERSION = 5.0;
				TARGETED_DEVICE_FAMILY = "1,2";
				TEST_HOST = "$(BUILT_PRODUCTS_DIR)/UalaTest.app/UalaTest";
			};
			name = Debug;
		};
		F5907F3725DC89F900794912 /* Release */ = {
			isa = XCBuildConfiguration;
			buildSettings = {
				ALWAYS_EMBED_SWIFT_STANDARD_LIBRARIES = YES;
				BUNDLE_LOADER = "$(TEST_HOST)";
				CODE_SIGN_STYLE = Automatic;
				DEVELOPMENT_TEAM = 283ED3996U;
				INFOPLIST_FILE = UalaTestTests/Info.plist;
				IPHONEOS_DEPLOYMENT_TARGET = 14.3;
				LD_RUNPATH_SEARCH_PATHS = (
					"$(inherited)",
					"@executable_path/Frameworks",
					"@loader_path/Frameworks",
				);
				PRODUCT_BUNDLE_IDENTIFIER = com.uala.UalaTestTests;
				PRODUCT_NAME = "$(TARGET_NAME)";
				SWIFT_VERSION = 5.0;
				TARGETED_DEVICE_FAMILY = "1,2";
				TEST_HOST = "$(BUILT_PRODUCTS_DIR)/UalaTest.app/UalaTest";
			};
			name = Release;
		};
		F5907F3925DC89F900794912 /* Debug */ = {
			isa = XCBuildConfiguration;
			buildSettings = {
				ALWAYS_EMBED_SWIFT_STANDARD_LIBRARIES = YES;
				CODE_SIGN_STYLE = Automatic;
				DEVELOPMENT_TEAM = 283ED3996U;
				INFOPLIST_FILE = UalaTestUITests/Info.plist;
				LD_RUNPATH_SEARCH_PATHS = (
					"$(inherited)",
					"@executable_path/Frameworks",
					"@loader_path/Frameworks",
				);
				PRODUCT_BUNDLE_IDENTIFIER = com.uala.UalaTestUITests;
				PRODUCT_NAME = "$(TARGET_NAME)";
				SWIFT_VERSION = 5.0;
				TARGETED_DEVICE_FAMILY = "1,2";
				TEST_TARGET_NAME = UalaTest;
			};
			name = Debug;
		};
		F5907F3A25DC89F900794912 /* Release */ = {
			isa = XCBuildConfiguration;
			buildSettings = {
				ALWAYS_EMBED_SWIFT_STANDARD_LIBRARIES = YES;
				CODE_SIGN_STYLE = Automatic;
				DEVELOPMENT_TEAM = 283ED3996U;
				INFOPLIST_FILE = UalaTestUITests/Info.plist;
				LD_RUNPATH_SEARCH_PATHS = (
					"$(inherited)",
					"@executable_path/Frameworks",
					"@loader_path/Frameworks",
				);
				PRODUCT_BUNDLE_IDENTIFIER = com.uala.UalaTestUITests;
				PRODUCT_NAME = "$(TARGET_NAME)";
				SWIFT_VERSION = 5.0;
				TARGETED_DEVICE_FAMILY = "1,2";
				TEST_TARGET_NAME = UalaTest;
			};
			name = Release;
		};
/* End XCBuildConfiguration section */

/* Begin XCConfigurationList section */
		F5907F0025DC89F300794912 /* Build configuration list for PBXProject "UalaTest" */ = {
			isa = XCConfigurationList;
			buildConfigurations = (
				F5907F3025DC89F900794912 /* Debug */,
				F5907F3125DC89F900794912 /* Release */,
			);
			defaultConfigurationIsVisible = 0;
			defaultConfigurationName = Release;
		};
		F5907F3225DC89F900794912 /* Build configuration list for PBXNativeTarget "UalaTest" */ = {
			isa = XCConfigurationList;
			buildConfigurations = (
				F5907F3325DC89F900794912 /* Debug */,
				F5907F3425DC89F900794912 /* Release */,
			);
			defaultConfigurationIsVisible = 0;
			defaultConfigurationName = Release;
		};
		F5907F3525DC89F900794912 /* Build configuration list for PBXNativeTarget "UalaTestTests" */ = {
			isa = XCConfigurationList;
			buildConfigurations = (
				F5907F3625DC89F900794912 /* Debug */,
				F5907F3725DC89F900794912 /* Release */,
			);
			defaultConfigurationIsVisible = 0;
			defaultConfigurationName = Release;
		};
		F5907F3825DC89F900794912 /* Build configuration list for PBXNativeTarget "UalaTestUITests" */ = {
			isa = XCConfigurationList;
			buildConfigurations = (
				F5907F3925DC89F900794912 /* Debug */,
				F5907F3A25DC89F900794912 /* Release */,
			);
			defaultConfigurationIsVisible = 0;
			defaultConfigurationName = Release;
		};
/* End XCConfigurationList section */

/* Begin XCRemoteSwiftPackageReference section */
		F5D7811325DCA6AC002DF456 /* XCRemoteSwiftPackageReference "SDWebImage" */ = {
			isa = XCRemoteSwiftPackageReference;
			repositoryURL = "https://github.com/SDWebImage/SDWebImage";
			requirement = {
				kind = upToNextMajorVersion;
				minimumVersion = 5.10.4;
			};
		};
/* End XCRemoteSwiftPackageReference section */

/* Begin XCSwiftPackageProductDependency section */
		F5D7811425DCA6AC002DF456 /* SDWebImage */ = {
			isa = XCSwiftPackageProductDependency;
			package = F5D7811325DCA6AC002DF456 /* XCRemoteSwiftPackageReference "SDWebImage" */;
			productName = SDWebImage;
		};
/* End XCSwiftPackageProductDependency section */

/* Begin XCVersionGroup section */
		F5907F1125DC89F300794912 /* UalaTest.xcdatamodeld */ = {
			isa = XCVersionGroup;
			children = (
				F5907F1225DC89F300794912 /* UalaTest.xcdatamodel */,
			);
			currentVersion = F5907F1225DC89F300794912 /* UalaTest.xcdatamodel */;
			path = UalaTest.xcdatamodeld;
			sourceTree = "<group>";
			versionGroupType = wrapper.xcdatamodel;
		};
/* End XCVersionGroup section */
	};
	rootObject = F5907EFD25DC89F300794912 /* Project object */;
}
